
Microsoft Visual Studio Solution File, Format Version 12.00
# Visual Studio Version 16
VisualStudioVersion = 16.0.31729.503
MinimumVisualStudioVersion = 10.0.40219.1
Project("{FAE04EC0-301F-11D3-BF4B-00C04F79EFBC}") = "MCD_JSON", "MCD_JSON\MCD_JSON.csproj", "{32E7E95A-E39D-4022-8BC0-F0613ADD23CC}"
EndProject
Global
	GlobalSection(SolutionConfigurationPlatforms) = preSolution
		Debug|Any CPU = Debug|Any CPU
		Release|Any CPU = Release|Any CPU
	EndGlobalSection
	GlobalSection(ProjectConfigurationPlatforms) = postSolution
		{32E7E95A-E39D-4022-8BC0-F0613ADD23CC}.Debug|Any CPU.ActiveCfg = Debug|Any CPU
		{32E7E95A-E39D-4022-8BC0-F0613ADD23CC}.Debug|Any CPU.Build.0 = Debug|Any CPU
		{32E7E95A-E39D-4022-8BC0-F0613ADD23CC}.Release|Any CPU.ActiveCfg = Release|Any CPU
		{32E7E95A-E39D-4022-8BC0-F0613ADD23CC}.Release|Any CPU.Build.0 = Release|Any CPU
	EndGlobalSection
	GlobalSection(SolutionProperties) = preSolution
		HideSolutionNode = FALSE
	EndGlobalSection
	GlobalSection(ExtensibilityGlobals) = postSolution
		SolutionGuid = {DABFFAB3-0361-4C6F-9100-609CE97C94D1}
	EndGlobalSection
EndGlobal
